
Microsoft Visual Studio Solution File, Format Version 12.00
# Visual Studio 15
VisualStudioVersion = 15.0.27130.2027
MinimumVisualStudioVersion = 10.0.40219.1
Project("{9092AA53-FB77-4645-B42D-1CCCA6BD08BD}") = "VideoAlarmServer", "VideoAlarmServer\VideoAlarmServer.njsproj", "{3B016D73-81E8-4212-BA66-4CA8C32F301F}"
EndProject
Global
	GlobalSection(SolutionConfigurationPlatforms) = preSolution
		Debug|Any CPU = Debug|Any CPU
		Release|Any CPU = Release|Any CPU
	EndGlobalSection
	GlobalSection(ProjectConfigurationPlatforms) = postSolution
		{3B016D73-81E8-4212-BA66-4CA8C32F301F}.Debug|Any CPU.ActiveCfg = Debug|Any CPU
		{3B016D73-81E8-4212-BA66-4CA8C32F301F}.Debug|Any CPU.Build.0 = Debug|Any CPU
		{3B016D73-81E8-4212-BA66-4CA8C32F301F}.Release|Any CPU.ActiveCfg = Release|Any CPU
		{3B016D73-81E8-4212-BA66-4CA8C32F301F}.Release|Any CPU.Build.0 = Release|Any CPU
	EndGlobalSection
	GlobalSection(SolutionProperties) = preSolution
		HideSolutionNode = FALSE
	EndGlobalSection
	GlobalSection(ExtensibilityGlobals) = postSolution
		SolutionGuid = {E6484676-9545-471B-9373-DD57E0290266}
	EndGlobalSection
EndGlobal
